PODS:
  - Delirium (1.0.0)
  - Nimble (5.0.0)
  - Quick (0.10.0)

DEPENDENCIES:
  - Delirium (from `../`)
  - Nimble (~> 5.0)
  - Quick (~> 0.10)

EXTERNAL SOURCES:
  Delirium:
    :path: "../"

SPEC CHECKSUMS:
  Delirium: 2de735dd1e9a5604e31c654922a9b0cf98f122d6
  Nimble: 56fc9f5020effa2206de22c3dd910f4fb011b92f
  Quick: 5d290df1c69d5ee2f0729956dcf0fd9a30447eaa

PODFILE CHECKSUM: 10e83302361c16cd00e266be11c9e69155e2c881

COCOAPODS: 1.1.0.rc.2
