PODS:
  - Delirium (0.1.0)
  - FBSnapshotTestCase (2.1.1):
    - FBSnapshotTestCase/SwiftSupport (= 2.1.1)
  - FBSnapshotTestCase/Core (2.1.1)
  - FBSnapshotTestCase/SwiftSupport (2.1.1):
    - FBSnapshotTestCase/Core
  - Nimble (3.2.0)
  - Nimble-Snapshots (4.1.0):
    - FBSnapshotTestCase (~> 2.0)
    - Nimble
    - Quick
  - Quick (0.9.2)

DEPENDENCIES:
  - Delirium (from `../`)
  - FBSnapshotTestCase
  - Nimble (~> 3.0)
  - Nimble-Snapshots
  - Quick (~> 0.8)

EXTERNAL SOURCES:
  Delirium:
    :path: "../"

SPEC CHECKSUMS:
  Delirium: eefef9c99e96ca7373954070e0cdcf3faddea5fe
  FBSnapshotTestCase: 432afd8d059ccef7f207225894840a03fbcf7474
  Nimble: 703854335d181df169bbca9c97117b5cf8c47c1d
  Nimble-Snapshots: 2da4d2ec829b458d6886c06812c52493fce284c9
  Quick: 18d057bc66451eedd5d1c8dc99ba2a5db6e60226

PODFILE CHECKSUM: 6d183a2a560379469c5f374af1d80319e9b2d037

COCOAPODS: 1.0.0
