// !$*UTF8*$!
{
	archiveVersion = 1;
	classes = {
	};
	objectVersion = 46;
	objects = {

/* Begin PBXBuildFile section */
		1FE2C97C5CCCF034F85FD1F4 /* Pods_Delirium_Tests.framework in Frameworks */ = {isa = PBXBuildFile; fileRef = C4B929F2E2F02D67FFCED98D /* Pods_Delirium_Tests.framework */; };
		4EB08FB4146109A55C5F3AF4 /* Pods_Delirium_Delirium_tvExample.framework in Frameworks */ = {isa = PBXBuildFile; fileRef = EB99649EA6F52A58BBC97607 /* Pods_Delirium_Delirium_tvExample.framework */; };
		607FACD61AFB9204008FA782 /* AppDelegate.swift in Sources */ = {isa = PBXBuildFile; fileRef = 607FACD51AFB9204008FA782 /* AppDelegate.swift */; };
		607FACDB1AFB9204008FA782 /* Main.storyboard in Resources */ = {isa = PBXBuildFile; fileRef = 607FACD91AFB9204008FA782 /* Main.storyboard */; };
		607FACDD1AFB9204008FA782 /* Images.xcassets in Resources */ = {isa = PBXBuildFile; fileRef = 607FACDC1AFB9204008FA782 /* Images.xcassets */; };
		607FACE01AFB9204008FA782 /* LaunchScreen.xib in Resources */ = {isa = PBXBuildFile; fileRef = 607FACDE1AFB9204008FA782 /* LaunchScreen.xib */; };
		62220A821D3D13CE00D87438 /* BlurredTransition.storyboard in Resources */ = {isa = PBXBuildFile; fileRef = 62220A811D3D13CE00D87438 /* BlurredTransition.storyboard */; };
		62220A841D3D140900D87438 /* BlurredTransitionViewController.swift in Sources */ = {isa = PBXBuildFile; fileRef = 62220A831D3D140900D87438 /* BlurredTransitionViewController.swift */; };
		625D37071D3D1FE900B51EF5 /* BlurredPopupViewController.swift in Sources */ = {isa = PBXBuildFile; fileRef = 625D37061D3D1FE900B51EF5 /* BlurredPopupViewController.swift */; };
		627E02AB1D0AC55800B7529E /* Shake.storyboard in Resources */ = {isa = PBXBuildFile; fileRef = 627E02AA1D0AC55800B7529E /* Shake.storyboard */; };
		627E02AD1D0AC6C000B7529E /* ShakeViewController.swift in Sources */ = {isa = PBXBuildFile; fileRef = 627E02AC1D0AC6C000B7529E /* ShakeViewController.swift */; };
		627E02AF1D0AC7C200B7529E /* ShakeViewModel.swift in Sources */ = {isa = PBXBuildFile; fileRef = 627E02AE1D0AC7C200B7529E /* ShakeViewModel.swift */; };
		627E02B31D0AC8B700B7529E /* PieChartSpec.swift in Sources */ = {isa = PBXBuildFile; fileRef = 627E02B11D0AC8A400B7529E /* PieChartSpec.swift */; };
		627E02BB1D0ACC0A00B7529E /* AppDelegate.swift in Sources */ = {isa = PBXBuildFile; fileRef = 627E02BA1D0ACC0A00B7529E /* AppDelegate.swift */; };
		627E02C01D0ACC0A00B7529E /* Main.storyboard in Resources */ = {isa = PBXBuildFile; fileRef = 627E02BE1D0ACC0A00B7529E /* Main.storyboard */; };
		627E02C21D0ACC0A00B7529E /* Assets.xcassets in Resources */ = {isa = PBXBuildFile; fileRef = 627E02C11D0ACC0A00B7529E /* Assets.xcassets */; };
		627E02D21D0AD9B100B7529E /* Alert.storyboard in Resources */ = {isa = PBXBuildFile; fileRef = 627E02D11D0AD9B100B7529E /* Alert.storyboard */; };
		627E02D41D0AD9BE00B7529E /* AlertViewController.swift in Sources */ = {isa = PBXBuildFile; fileRef = 627E02D31D0AD9BE00B7529E /* AlertViewController.swift */; };
		627E02D61D0AD9DF00B7529E /* AlertViewModel.swift in Sources */ = {isa = PBXBuildFile; fileRef = 627E02D51D0AD9DF00B7529E /* AlertViewModel.swift */; };
		6294A9321D6EE2040088E18C /* QuickSpec+Snapshot.swift in Sources */ = {isa = PBXBuildFile; fileRef = 6294A9301D6EE1B70088E18C /* QuickSpec+Snapshot.swift */; };
		6297F4111D0EA72900645AB9 /* Pin.storyboard in Resources */ = {isa = PBXBuildFile; fileRef = 6297F4101D0EA72900645AB9 /* Pin.storyboard */; };
		6297F4131D0EA7BB00645AB9 /* CustomPinViewController.swift in Sources */ = {isa = PBXBuildFile; fileRef = 6297F4121D0EA7BB00645AB9 /* CustomPinViewController.swift */; };
		62CDEC9D1D6C8A31005A0CEF /* PieChart.storyboard in Resources */ = {isa = PBXBuildFile; fileRef = 62CDEC9C1D6C8A31005A0CEF /* PieChart.storyboard */; };
		62CDEC9F1D6C8A6F005A0CEF /* PieChartViewController.swift in Sources */ = {isa = PBXBuildFile; fileRef = 62CDEC9E1D6C8A6F005A0CEF /* PieChartViewController.swift */; };
		62CE8BE51D881FAC00F7AC78 /* MultiPickerViewController.swift in Sources */ = {isa = PBXBuildFile; fileRef = 62CE8BE41D881FAC00F7AC78 /* MultiPickerViewController.swift */; };
		62CE8BE71D881FC900F7AC78 /* Picker.storyboard in Resources */ = {isa = PBXBuildFile; fileRef = 62CE8BE61D881FC900F7AC78 /* Picker.storyboard */; };
		8CB2E944415C20A8CD14AB02 /* Pods_Delirium_Delirium_Example.framework in Frameworks */ = {isa = PBXBuildFile; fileRef = 9A876D93EC1B6F361EF6C57E /* Pods_Delirium_Delirium_Example.framework */; };
/* End PBXBuildFile section */

/* Begin PBXContainerItemProxy section */
		607FACE61AFB9204008FA782 /* PBXContainerItemProxy */ = {
			isa = PBXContainerItemProxy;
			containerPortal = 607FACC81AFB9204008FA782 /* Project object */;
			proxyType = 1;
			remoteGlobalIDString = 607FACCF1AFB9204008FA782;
			remoteInfo = Delirium;
		};
/* End PBXContainerItemProxy section */

/* Begin PBXFileReference section */
		06D20A32F4CAE8FA227C3ED6 /* Pods-Delirium-Delirium_tvExample.debug.xcconfig */ = {isa = PBXFileReference; includeInIndex = 1; lastKnownFileType = text.xcconfig; name = "Pods-Delirium-Delirium_tvExample.debug.xcconfig"; path = "Pods/Target Support Files/Pods-Delirium-Delirium_tvExample/Pods-Delirium-Delirium_tvExample.debug.xcconfig"; sourceTree = "<group>"; };
		176023E3211AD11FEC628AB5 /* Pods-Delirium-Delirium_tvExample.release.xcconfig */ = {isa = PBXFileReference; includeInIndex = 1; lastKnownFileType = text.xcconfig; name = "Pods-Delirium-Delirium_tvExample.release.xcconfig"; path = "Pods/Target Support Files/Pods-Delirium-Delirium_tvExample/Pods-Delirium-Delirium_tvExample.release.xcconfig"; sourceTree = "<group>"; };
		361576391C1E1EDDF2805EC3 /* Pods-Delirium-Delirium_Example.release.xcconfig */ = {isa = PBXFileReference; includeInIndex = 1; lastKnownFileType = text.xcconfig; name = "Pods-Delirium-Delirium_Example.release.xcconfig"; path = "Pods/Target Support Files/Pods-Delirium-Delirium_Example/Pods-Delirium-Delirium_Example.release.xcconfig"; sourceTree = "<group>"; };
		394FFD2BAE8BFA333FA55B1B /* Pods-Delirium_Tests.release.xcconfig */ = {isa = PBXFileReference; includeInIndex = 1; lastKnownFileType = text.xcconfig; name = "Pods-Delirium_Tests.release.xcconfig"; path = "Pods/Target Support Files/Pods-Delirium_Tests/Pods-Delirium_Tests.release.xcconfig"; sourceTree = "<group>"; };
		607FACD01AFB9204008FA782 /* Delirium_Example.app */ = {isa = PBXFileReference; explicitFileType = wrapper.application; includeInIndex = 0; path = Delirium_Example.app; sourceTree = BUILT_PRODUCTS_DIR; };
		607FACD41AFB9204008FA782 /* Info.plist */ = {isa = PBXFileReference; lastKnownFileType = text.plist.xml; path = Info.plist; sourceTree = "<group>"; };
		607FACD51AFB9204008FA782 /* AppDelegate.swift */ = {isa = PBXFileReference; lastKnownFileType = sourcecode.swift; path = AppDelegate.swift; sourceTree = "<group>"; };
		607FACDA1AFB9204008FA782 /* Base */ = {isa = PBXFileReference; lastKnownFileType = file.storyboard; name = Base; path = Base.lproj/Main.storyboard; sourceTree = "<group>"; };
		607FACDC1AFB9204008FA782 /* Images.xcassets */ = {isa = PBXFileReference; lastKnownFileType = folder.assetcatalog; path = Images.xcassets; sourceTree = "<group>"; };
		607FACDF1AFB9204008FA782 /* Base */ = {isa = PBXFileReference; lastKnownFileType = file.xib; name = Base; path = Base.lproj/LaunchScreen.xib; sourceTree = "<group>"; };
		607FACE51AFB9204008FA782 /* Delirium_Tests.xctest */ = {isa = PBXFileReference; explicitFileType = wrapper.cfbundle; includeInIndex = 0; path = Delirium_Tests.xctest; sourceTree = BUILT_PRODUCTS_DIR; };
		607FACEA1AFB9204008FA782 /* Info.plist */ = {isa = PBXFileReference; lastKnownFileType = text.plist.xml; path = Info.plist; sourceTree = "<group>"; };
		62220A811D3D13CE00D87438 /* BlurredTransition.storyboard */ = {isa = PBXFileReference; fileEncoding = 4; lastKnownFileType = file.storyboard; path = BlurredTransition.storyboard; sourceTree = "<group>"; };
		62220A831D3D140900D87438 /* BlurredTransitionViewController.swift */ = {isa = PBXFileReference; fileEncoding = 4; lastKnownFileType = sourcecode.swift; path = BlurredTransitionViewController.swift; sourceTree = "<group>"; };
		625D37061D3D1FE900B51EF5 /* BlurredPopupViewController.swift */ = {isa = PBXFileReference; fileEncoding = 4; lastKnownFileType = sourcecode.swift; path = BlurredPopupViewController.swift; sourceTree = "<group>"; };
		627E02AA1D0AC55800B7529E /* Shake.storyboard */ = {isa = PBXFileReference; fileEncoding = 4; lastKnownFileType = file.storyboard; path = Shake.storyboard; sourceTree = "<group>"; };
		627E02AC1D0AC6C000B7529E /* ShakeViewController.swift */ = {isa = PBXFileReference; fileEncoding = 4; lastKnownFileType = sourcecode.swift; path = ShakeViewController.swift; sourceTree = "<group>"; };
		627E02AE1D0AC7C200B7529E /* ShakeViewModel.swift */ = {isa = PBXFileReference; fileEncoding = 4; lastKnownFileType = sourcecode.swift; path = ShakeViewModel.swift; sourceTree = "<group>"; };
		627E02B11D0AC8A400B7529E /* PieChartSpec.swift */ = {isa = PBXFileReference; fileEncoding = 4; lastKnownFileType = sourcecode.swift; path = PieChartSpec.swift; sourceTree = "<group>"; };
		627E02B81D0ACC0A00B7529E /* Delirium_tvExample.app */ = {isa = PBXFileReference; explicitFileType = wrapper.application; includeInIndex = 0; path = Delirium_tvExample.app; sourceTree = BUILT_PRODUCTS_DIR; };
		627E02BA1D0ACC0A00B7529E /* AppDelegate.swift */ = {isa = PBXFileReference; lastKnownFileType = sourcecode.swift; path = AppDelegate.swift; sourceTree = "<group>"; };
		627E02BF1D0ACC0A00B7529E /* Base */ = {isa = PBXFileReference; lastKnownFileType = file.storyboard; name = Base; path = Base.lproj/Main.storyboard; sourceTree = "<group>"; };
		627E02C11D0ACC0A00B7529E /* Assets.xcassets */ = {isa = PBXFileReference; lastKnownFileType = folder.assetcatalog; path = Assets.xcassets; sourceTree = "<group>"; };
		627E02C31D0ACC0A00B7529E /* Info.plist */ = {isa = PBXFileReference; lastKnownFileType = text.plist.xml; path = Info.plist; sourceTree = "<group>"; };
		627E02D11D0AD9B100B7529E /* Alert.storyboard */ = {isa = PBXFileReference; fileEncoding = 4; lastKnownFileType = file.storyboard; path = Alert.storyboard; sourceTree = "<group>"; };
		627E02D31D0AD9BE00B7529E /* AlertViewController.swift */ = {isa = PBXFileReference; fileEncoding = 4; lastKnownFileType = sourcecode.swift; path = AlertViewController.swift; sourceTree = "<group>"; };
		627E02D51D0AD9DF00B7529E /* AlertViewModel.swift */ = {isa = PBXFileReference; fileEncoding = 4; lastKnownFileType = sourcecode.swift; path = AlertViewModel.swift; sourceTree = "<group>"; };
		6294A9301D6EE1B70088E18C /* QuickSpec+Snapshot.swift */ = {isa = PBXFileReference; fileEncoding = 4; lastKnownFileType = sourcecode.swift; path = "QuickSpec+Snapshot.swift"; sourceTree = "<group>"; };
		6297F4101D0EA72900645AB9 /* Pin.storyboard */ = {isa = PBXFileReference; fileEncoding = 4; lastKnownFileType = file.storyboard; path = Pin.storyboard; sourceTree = "<group>"; };
		6297F4121D0EA7BB00645AB9 /* CustomPinViewController.swift */ = {isa = PBXFileReference; fileEncoding = 4; lastKnownFileType = sourcecode.swift; path = CustomPinViewController.swift; sourceTree = "<group>"; };
		62CDEC9C1D6C8A31005A0CEF /* PieChart.storyboard */ = {isa = PBXFileReference; fileEncoding = 4; lastKnownFileType = file.storyboard; path = PieChart.storyboard; sourceTree = "<group>"; };
		62CDEC9E1D6C8A6F005A0CEF /* PieChartViewController.swift */ = {isa = PBXFileReference; fileEncoding = 4; lastKnownFileType = sourcecode.swift; path = PieChartViewController.swift; sourceTree = "<group>"; };
		62CE8BE41D881FAC00F7AC78 /* MultiPickerViewController.swift */ = {isa = PBXFileReference; fileEncoding = 4; lastKnownFileType = sourcecode.swift; path = MultiPickerViewController.swift; sourceTree = "<group>"; };
		62CE8BE61D881FC900F7AC78 /* Picker.storyboard */ = {isa = PBXFileReference; fileEncoding = 4; lastKnownFileType = file.storyboard; path = Picker.storyboard; sourceTree = "<group>"; };
		85692D5D4B6A3CF4C61EF6FE /* Pods-Delirium-Delirium_Example.debug.xcconfig */ = {isa = PBXFileReference; includeInIndex = 1; lastKnownFileType = text.xcconfig; name = "Pods-Delirium-Delirium_Example.debug.xcconfig"; path = "Pods/Target Support Files/Pods-Delirium-Delirium_Example/Pods-Delirium-Delirium_Example.debug.xcconfig"; sourceTree = "<group>"; };
		9A876D93EC1B6F361EF6C57E /* Pods_Delirium_Delirium_Example.framework */ = {isa = PBXFileReference; explicitFileType = wrapper.framework; includeInIndex = 0; path = Pods_Delirium_Delirium_Example.framework; sourceTree = BUILT_PRODUCTS_DIR; };
		C4B929F2E2F02D67FFCED98D /* Pods_Delirium_Tests.framework */ = {isa = PBXFileReference; explicitFileType = wrapper.framework; includeInIndex = 0; path = Pods_Delirium_Tests.framework; sourceTree = BUILT_PRODUCTS_DIR; };
		E05AFDD5EC1C0DAE2F95E78B /* Pods-Delirium_Tests.debug.xcconfig */ = {isa = PBXFileReference; includeInIndex = 1; lastKnownFileType = text.xcconfig; name = "Pods-Delirium_Tests.debug.xcconfig"; path = "Pods/Target Support Files/Pods-Delirium_Tests/Pods-Delirium_Tests.debug.xcconfig"; sourceTree = "<group>"; };
		EB99649EA6F52A58BBC97607 /* Pods_Delirium_Delirium_tvExample.framework */ = {isa = PBXFileReference; explicitFileType = wrapper.framework; includeInIndex = 0; path = Pods_Delirium_Delirium_tvExample.framework; sourceTree = BUILT_PRODUCTS_DIR; };
/* End PBXFileReference section */

/* Begin PBXFrameworksBuildPhase section */
		607FACCD1AFB9204008FA782 /* Frameworks */ = {
			isa = PBXFrameworksBuildPhase;
			buildActionMask = 2147483647;
			files = (
				8CB2E944415C20A8CD14AB02 /* Pods_Delirium_Delirium_Example.framework in Frameworks */,
			);
			runOnlyForDeploymentPostprocessing = 0;
		};
		607FACE21AFB9204008FA782 /* Frameworks */ = {
			isa = PBXFrameworksBuildPhase;
			buildActionMask = 2147483647;
			files = (
				1FE2C97C5CCCF034F85FD1F4 /* Pods_Delirium_Tests.framework in Frameworks */,
			);
			runOnlyForDeploymentPostprocessing = 0;
		};
		627E02B51D0ACC0A00B7529E /* Frameworks */ = {
			isa = PBXFrameworksBuildPhase;
			buildActionMask = 2147483647;
			files = (
				4EB08FB4146109A55C5F3AF4 /* Pods_Delirium_Delirium_tvExample.framework in Frameworks */,
			);
			runOnlyForDeploymentPostprocessing = 0;
		};
/* End PBXFrameworksBuildPhase section */

/* Begin PBXGroup section */
		3726237C0BC757BB6472F27D /* Pods */ = {
			isa = PBXGroup;
			children = (
				85692D5D4B6A3CF4C61EF6FE /* Pods-Delirium-Delirium_Example.debug.xcconfig */,
				361576391C1E1EDDF2805EC3 /* Pods-Delirium-Delirium_Example.release.xcconfig */,
				06D20A32F4CAE8FA227C3ED6 /* Pods-Delirium-Delirium_tvExample.debug.xcconfig */,
				176023E3211AD11FEC628AB5 /* Pods-Delirium-Delirium_tvExample.release.xcconfig */,
				E05AFDD5EC1C0DAE2F95E78B /* Pods-Delirium_Tests.debug.xcconfig */,
				394FFD2BAE8BFA333FA55B1B /* Pods-Delirium_Tests.release.xcconfig */,
			);
			name = Pods;
			sourceTree = "<group>";
		};
		607FACC71AFB9204008FA782 = {
			isa = PBXGroup;
			children = (
				607FACD21AFB9204008FA782 /* Example for Delirium */,
				627E02B91D0ACC0A00B7529E /* Example for tvOS Delirium */,
				C0BCBB90998A2CF6F3B8D640 /* Frameworks */,
				3726237C0BC757BB6472F27D /* Pods */,
				607FACD11AFB9204008FA782 /* Products */,
				607FACE81AFB9204008FA782 /* Tests */,
			);
			sourceTree = "<group>";
		};
		607FACD11AFB9204008FA782 /* Products */ = {
			isa = PBXGroup;
			children = (
				607FACD01AFB9204008FA782 /* Delirium_Example.app */,
				607FACE51AFB9204008FA782 /* Delirium_Tests.xctest */,
				627E02B81D0ACC0A00B7529E /* Delirium_tvExample.app */,
			);
			name = Products;
			sourceTree = "<group>";
		};
		607FACD21AFB9204008FA782 /* Example for Delirium */ = {
			isa = PBXGroup;
			children = (
				627E02A71D0ABF4100B7529E /* Modules */,
				607FACD31AFB9204008FA782 /* Supporting Files */,
				627E02A81D0ABF4700B7529E /* UI */,
				607FACD51AFB9204008FA782 /* AppDelegate.swift */,
			);
			path = "Example for Delirium";
			sourceTree = "<group>";
		};
		607FACD31AFB9204008FA782 /* Supporting Files */ = {
			isa = PBXGroup;
			children = (
				607FACD41AFB9204008FA782 /* Info.plist */,
			);
			path = "Supporting Files";
			sourceTree = "<group>";
		};
		607FACE81AFB9204008FA782 /* Tests */ = {
			isa = PBXGroup;
			children = (
				6294A92F1D6EE1A50088E18C /* Helpers */,
				627E02B01D0AC89800B7529E /* Specs */,
				607FACE91AFB9204008FA782 /* Supporting Files */,
			);
			path = Tests;
			sourceTree = "<group>";
		};
		607FACE91AFB9204008FA782 /* Supporting Files */ = {
			isa = PBXGroup;
			children = (
				607FACEA1AFB9204008FA782 /* Info.plist */,
			);
			path = "Supporting Files";
			sourceTree = "<group>";
		};
		62220A801D3D13B800D87438 /* Blurred Transition */ = {
			isa = PBXGroup;
			children = (
				625D37061D3D1FE900B51EF5 /* BlurredPopupViewController.swift */,
				62220A811D3D13CE00D87438 /* BlurredTransition.storyboard */,
				62220A831D3D140900D87438 /* BlurredTransitionViewController.swift */,
			);
			path = "Blurred Transition";
			sourceTree = "<group>";
		};
		627E02A71D0ABF4100B7529E /* Modules */ = {
			isa = PBXGroup;
			children = (
				627E02D01D0AD9A200B7529E /* Alert */,
				62220A801D3D13B800D87438 /* Blurred Transition */,
				62CE8BE31D881F9200F7AC78 /* Picker */,
				62CDEC9B1D6C8A1D005A0CEF /* Pie Chart */,
				6297F40F1D0EA71C00645AB9 /* Pin */,
				627E02A91D0AC54C00B7529E /* Shake */,
				607FACD91AFB9204008FA782 /* Main.storyboard */,
			);
			path = Modules;
			sourceTree = "<group>";
		};
		627E02A81D0ABF4700B7529E /* UI */ = {
			isa = PBXGroup;
			children = (
				607FACDC1AFB9204008FA782 /* Images.xcassets */,
				607FACDE1AFB9204008FA782 /* LaunchScreen.xib */,
			);
			path = UI;
			sourceTree = "<group>";
		};
		627E02A91D0AC54C00B7529E /* Shake */ = {
			isa = PBXGroup;
			children = (
				627E02AA1D0AC55800B7529E /* Shake.storyboard */,
				627E02AC1D0AC6C000B7529E /* ShakeViewController.swift */,
				627E02AE1D0AC7C200B7529E /* ShakeViewModel.swift */,
			);
			path = Shake;
			sourceTree = "<group>";
		};
		627E02B01D0AC89800B7529E /* Specs */ = {
			isa = PBXGroup;
			children = (
				627E02B11D0AC8A400B7529E /* PieChartSpec.swift */,
			);
			path = Specs;
			sourceTree = "<group>";
		};
		627E02B91D0ACC0A00B7529E /* Example for tvOS Delirium */ = {
			isa = PBXGroup;
			children = (
				627E02C71D0ACE2F00B7529E /* Modules */,
				627E02C91D0ACE3F00B7529E /* Supporting Files */,
				627E02C81D0ACE3400B7529E /* UI */,
				627E02BA1D0ACC0A00B7529E /* AppDelegate.swift */,
			);
			path = "Example for tvOS Delirium";
			sourceTree = "<group>";
		};
		627E02C71D0ACE2F00B7529E /* Modules */ = {
			isa = PBXGroup;
			children = (
				627E02BE1D0ACC0A00B7529E /* Main.storyboard */,
			);
			path = Modules;
			sourceTree = "<group>";
		};
		627E02C81D0ACE3400B7529E /* UI */ = {
			isa = PBXGroup;
			children = (
				627E02C11D0ACC0A00B7529E /* Assets.xcassets */,
			);
			path = UI;
			sourceTree = "<group>";
		};
		627E02C91D0ACE3F00B7529E /* Supporting Files */ = {
			isa = PBXGroup;
			children = (
				627E02C31D0ACC0A00B7529E /* Info.plist */,
			);
			path = "Supporting Files";
			sourceTree = "<group>";
		};
		627E02D01D0AD9A200B7529E /* Alert */ = {
			isa = PBXGroup;
			children = (
				627E02D11D0AD9B100B7529E /* Alert.storyboard */,
				627E02D31D0AD9BE00B7529E /* AlertViewController.swift */,
				627E02D51D0AD9DF00B7529E /* AlertViewModel.swift */,
			);
			path = Alert;
			sourceTree = "<group>";
		};
		6294A92F1D6EE1A50088E18C /* Helpers */ = {
			isa = PBXGroup;
			children = (
				6294A9301D6EE1B70088E18C /* QuickSpec+Snapshot.swift */,
			);
			path = Helpers;
			sourceTree = "<group>";
		};
		6297F40F1D0EA71C00645AB9 /* Pin */ = {
			isa = PBXGroup;
			children = (
				6297F4121D0EA7BB00645AB9 /* CustomPinViewController.swift */,
				6297F4101D0EA72900645AB9 /* Pin.storyboard */,
			);
			path = Pin;
			sourceTree = "<group>";
		};
		62CDEC9B1D6C8A1D005A0CEF /* Pie Chart */ = {
			isa = PBXGroup;
			children = (
				62CDEC9C1D6C8A31005A0CEF /* PieChart.storyboard */,
				62CDEC9E1D6C8A6F005A0CEF /* PieChartViewController.swift */,
			);
			path = "Pie Chart";
			sourceTree = "<group>";
		};
		62CE8BE31D881F9200F7AC78 /* Picker */ = {
			isa = PBXGroup;
			children = (
				62CE8BE41D881FAC00F7AC78 /* MultiPickerViewController.swift */,
				62CE8BE61D881FC900F7AC78 /* Picker.storyboard */,
			);
			path = Picker;
			sourceTree = "<group>";
		};
		C0BCBB90998A2CF6F3B8D640 /* Frameworks */ = {
			isa = PBXGroup;
			children = (
				9A876D93EC1B6F361EF6C57E /* Pods_Delirium_Delirium_Example.framework */,
				EB99649EA6F52A58BBC97607 /* Pods_Delirium_Delirium_tvExample.framework */,
				C4B929F2E2F02D67FFCED98D /* Pods_Delirium_Tests.framework */,
			);
			name = Frameworks;
			sourceTree = "<group>";
		};
/* End PBXGroup section */

/* Begin PBXNativeTarget section */
		607FACCF1AFB9204008FA782 /* Delirium_Example */ = {
			isa = PBXNativeTarget;
			buildConfigurationList = 607FACEF1AFB9204008FA782 /* Build configuration list for PBXNativeTarget "Delirium_Example" */;
			buildPhases = (
				CA478D4C12A8D178A3AECB5D /* [CP] Check Pods Manifest.lock */,
				607FACCC1AFB9204008FA782 /* Sources */,
				607FACCD1AFB9204008FA782 /* Frameworks */,
				607FACCE1AFB9204008FA782 /* Resources */,
				00395A427329117A67F4A6DD /* [CP] Embed Pods Frameworks */,
				6EACC88BCB87C53995A5B19D /* [CP] Copy Pods Resources */,
			);
			buildRules = (
			);
			dependencies = (
			);
			name = Delirium_Example;
			productName = Delirium;
			productReference = 607FACD01AFB9204008FA782 /* Delirium_Example.app */;
			productType = "com.apple.product-type.application";
		};
		607FACE41AFB9204008FA782 /* Delirium_Tests */ = {
			isa = PBXNativeTarget;
			buildConfigurationList = 607FACF21AFB9204008FA782 /* Build configuration list for PBXNativeTarget "Delirium_Tests" */;
			buildPhases = (
				EB3F4D8EF2CD5E2FCD15D080 /* [CP] Check Pods Manifest.lock */,
				607FACE11AFB9204008FA782 /* Sources */,
				607FACE21AFB9204008FA782 /* Frameworks */,
				607FACE31AFB9204008FA782 /* Resources */,
				2E55D6AE2E274C900B2B8B38 /* [CP] Embed Pods Frameworks */,
				6B3AFA2D697BD9E1E2DC82DF /* [CP] Copy Pods Resources */,
			);
			buildRules = (
			);
			dependencies = (
				607FACE71AFB9204008FA782 /* PBXTargetDependency */,
			);
			name = Delirium_Tests;
			productName = Tests;
			productReference = 607FACE51AFB9204008FA782 /* Delirium_Tests.xctest */;
			productType = "com.apple.product-type.bundle.unit-test";
		};
		627E02B71D0ACC0A00B7529E /* Delirium_tvExample */ = {
			isa = PBXNativeTarget;
			buildConfigurationList = 627E02C61D0ACC0A00B7529E /* Build configuration list for PBXNativeTarget "Delirium_tvExample" */;
			buildPhases = (
				BD99A3B10ADF74EB6D346336 /* [CP] Check Pods Manifest.lock */,
				627E02B41D0ACC0A00B7529E /* Sources */,
				627E02B51D0ACC0A00B7529E /* Frameworks */,
				627E02B61D0ACC0A00B7529E /* Resources */,
				3CF89C15FACF53D0F5C4C08B /* [CP] Embed Pods Frameworks */,
				A7231ACE7FD34667A52C507A /* [CP] Copy Pods Resources */,
			);
			buildRules = (
			);
			dependencies = (
			);
			name = Delirium_tvExample;
			productName = Delirium_tvExample;
			productReference = 627E02B81D0ACC0A00B7529E /* Delirium_tvExample.app */;
			productType = "com.apple.product-type.application";
		};
/* End PBXNativeTarget section */

/* Begin PBXProject section */
		607FACC81AFB9204008FA782 /* Project object */ = {
			isa = PBXProject;
			attributes = {
				LastSwiftUpdateCheck = 0730;
				LastUpgradeCheck = 0720;
				ORGANIZATIONNAME = CocoaPods;
				TargetAttributes = {
					607FACCF1AFB9204008FA782 = {
						CreatedOnToolsVersion = 6.3.1;
					};
					607FACE41AFB9204008FA782 = {
						CreatedOnToolsVersion = 6.3.1;
						TestTargetID = 607FACCF1AFB9204008FA782;
					};
					627E02B71D0ACC0A00B7529E = {
						CreatedOnToolsVersion = 7.3.1;
					};
				};
			};
			buildConfigurationList = 607FACCB1AFB9204008FA782 /* Build configuration list for PBXProject "Delirium" */;
			compatibilityVersion = "Xcode 3.2";
			developmentRegion = English;
			hasScannedForEncodings = 0;
			knownRegions = (
				en,
				Base,
			);
			mainGroup = 607FACC71AFB9204008FA782;
			productRefGroup = 607FACD11AFB9204008FA782 /* Products */;
			projectDirPath = "";
			projectRoot = "";
			targets = (
				607FACCF1AFB9204008FA782 /* Delirium_Example */,
				627E02B71D0ACC0A00B7529E /* Delirium_tvExample */,
				607FACE41AFB9204008FA782 /* Delirium_Tests */,
			);
		};
/* End PBXProject section */

/* Begin PBXResourcesBuildPhase section */
		607FACCE1AFB9204008FA782 /* Resources */ = {
			isa = PBXResourcesBuildPhase;
			buildActionMask = 2147483647;
			files = (
				607FACDB1AFB9204008FA782 /* Main.storyboard in Resources */,
				627E02D21D0AD9B100B7529E /* Alert.storyboard in Resources */,
				62CE8BE71D881FC900F7AC78 /* Picker.storyboard in Resources */,
				62CDEC9D1D6C8A31005A0CEF /* PieChart.storyboard in Resources */,
				607FACE01AFB9204008FA782 /* LaunchScreen.xib in Resources */,
				607FACDD1AFB9204008FA782 /* Images.xcassets in Resources */,
				6297F4111D0EA72900645AB9 /* Pin.storyboard in Resources */,
				627E02AB1D0AC55800B7529E /* Shake.storyboard in Resources */,
				62220A821D3D13CE00D87438 /* BlurredTransition.storyboard in Resources */,
			);
			runOnlyForDeploymentPostprocessing = 0;
		};
		607FACE31AFB9204008FA782 /* Resources */ = {
			isa = PBXResourcesBuildPhase;
			buildActionMask = 2147483647;
			files = (
			);
			runOnlyForDeploymentPostprocessing = 0;
		};
		627E02B61D0ACC0A00B7529E /* Resources */ = {
			isa = PBXResourcesBuildPhase;
			buildActionMask = 2147483647;
			files = (
				627E02C21D0ACC0A00B7529E /* Assets.xcassets in Resources */,
				627E02C01D0ACC0A00B7529E /* Main.storyboard in Resources */,
			);
			runOnlyForDeploymentPostprocessing = 0;
		};
/* End PBXResourcesBuildPhase section */

/* Begin PBXShellScriptBuildPhase section */
		00395A427329117A67F4A6DD /* [CP] Embed Pods Frameworks */ = {
			isa = PBXShellScriptBuildPhase;
			buildActionMask = 2147483647;
			files = (
			);
			inputPaths = (
			);
			name = "[CP] Embed Pods Frameworks";
			outputPaths = (
			);
			runOnlyForDeploymentPostprocessing = 0;
			shellPath = /bin/sh;
			shellScript = "\"${SRCROOT}/Pods/Target Support Files/Pods-Delirium-Delirium_Example/Pods-Delirium-Delirium_Example-frameworks.sh\"\n";
			showEnvVarsInLog = 0;
		};
		2E55D6AE2E274C900B2B8B38 /* [CP] Embed Pods Frameworks */ = {
			isa = PBXShellScriptBuildPhase;
			buildActionMask = 2147483647;
			files = (
			);
			inputPaths = (
			);
			name = "[CP] Embed Pods Frameworks";
			outputPaths = (
			);
			runOnlyForDeploymentPostprocessing = 0;
			shellPath = /bin/sh;
			shellScript = "\"${SRCROOT}/Pods/Target Support Files/Pods-Delirium_Tests/Pods-Delirium_Tests-frameworks.sh\"\n";
			showEnvVarsInLog = 0;
		};
		3CF89C15FACF53D0F5C4C08B /* [CP] Embed Pods Frameworks */ = {
			isa = PBXShellScriptBuildPhase;
			buildActionMask = 2147483647;
			files = (
			);
			inputPaths = (
			);
			name = "[CP] Embed Pods Frameworks";
			outputPaths = (
			);
			runOnlyForDeploymentPostprocessing = 0;
			shellPath = /bin/sh;
			shellScript = "\"${SRCROOT}/Pods/Target Support Files/Pods-Delirium-Delirium_tvExample/Pods-Delirium-Delirium_tvExample-frameworks.sh\"\n";
			showEnvVarsInLog = 0;
		};
		6B3AFA2D697BD9E1E2DC82DF /* [CP] Copy Pods Resources */ = {
			isa = PBXShellScriptBuildPhase;
			buildActionMask = 2147483647;
			files = (
			);
			inputPaths = (
			);
			name = "[CP] Copy Pods Resources";
			outputPaths = (
			);
			runOnlyForDeploymentPostprocessing = 0;
			shellPath = /bin/sh;
			shellScript = "\"${SRCROOT}/Pods/Target Support Files/Pods-Delirium_Tests/Pods-Delirium_Tests-resources.sh\"\n";
			showEnvVarsInLog = 0;
		};
		6EACC88BCB87C53995A5B19D /* [CP] Copy Pods Resources */ = {
			isa = PBXShellScriptBuildPhase;
			buildActionMask = 2147483647;
			files = (
			);
			inputPaths = (
			);
			name = "[CP] Copy Pods Resources";
			outputPaths = (
			);
			runOnlyForDeploymentPostprocessing = 0;
			shellPath = /bin/sh;
			shellScript = "\"${SRCROOT}/Pods/Target Support Files/Pods-Delirium-Delirium_Example/Pods-Delirium-Delirium_Example-resources.sh\"\n";
			showEnvVarsInLog = 0;
		};
		A7231ACE7FD34667A52C507A /* [CP] Copy Pods Resources */ = {
			isa = PBXShellScriptBuildPhase;
			buildActionMask = 2147483647;
			files = (
			);
			inputPaths = (
			);
			name = "[CP] Copy Pods Resources";
			outputPaths = (
			);
			runOnlyForDeploymentPostprocessing = 0;
			shellPath = /bin/sh;
			shellScript = "\"${SRCROOT}/Pods/Target Support Files/Pods-Delirium-Delirium_tvExample/Pods-Delirium-Delirium_tvExample-resources.sh\"\n";
			showEnvVarsInLog = 0;
		};
		BD99A3B10ADF74EB6D346336 /* [CP] Check Pods Manifest.lock */ = {
			isa = PBXShellScriptBuildPhase;
			buildActionMask = 2147483647;
			files = (
			);
			inputPaths = (
			);
			name = "[CP] Check Pods Manifest.lock";
			outputPaths = (
			);
			runOnlyForDeploymentPostprocessing = 0;
			shellPath = /bin/sh;
			shellScript = "diff \"${PODS_ROOT}/../Podfile.lock\" \"${PODS_ROOT}/Manifest.lock\" > /dev/null\nif [[ $? != 0 ]] ; then\n    cat << EOM\nerror: The sandbox is not in sync with the Podfile.lock. Run 'pod install' or update your CocoaPods installation.\nEOM\n    exit 1\nfi\n";
			showEnvVarsInLog = 0;
		};
		CA478D4C12A8D178A3AECB5D /* [CP] Check Pods Manifest.lock */ = {
			isa = PBXShellScriptBuildPhase;
			buildActionMask = 2147483647;
			files = (
			);
			inputPaths = (
			);
			name = "[CP] Check Pods Manifest.lock";
			outputPaths = (
			);
			runOnlyForDeploymentPostprocessing = 0;
			shellPath = /bin/sh;
			shellScript = "diff \"${PODS_ROOT}/../Podfile.lock\" \"${PODS_ROOT}/Manifest.lock\" > /dev/null\nif [[ $? != 0 ]] ; then\n    cat << EOM\nerror: The sandbox is not in sync with the Podfile.lock. Run 'pod install' or update your CocoaPods installation.\nEOM\n    exit 1\nfi\n";
			showEnvVarsInLog = 0;
		};
		EB3F4D8EF2CD5E2FCD15D080 /* [CP] Check Pods Manifest.lock */ = {
			isa = PBXShellScriptBuildPhase;
			buildActionMask = 2147483647;
			files = (
			);
			inputPaths = (
			);
			name = "[CP] Check Pods Manifest.lock";
			outputPaths = (
			);
			runOnlyForDeploymentPostprocessing = 0;
			shellPath = /bin/sh;
			shellScript = "diff \"${PODS_ROOT}/../Podfile.lock\" \"${PODS_ROOT}/Manifest.lock\" > /dev/null\nif [[ $? != 0 ]] ; then\n    cat << EOM\nerror: The sandbox is not in sync with the Podfile.lock. Run 'pod install' or update your CocoaPods installation.\nEOM\n    exit 1\nfi\n";
			showEnvVarsInLog = 0;
		};
/* End PBXShellScriptBuildPhase section */

/* Begin PBXSourcesBuildPhase section */
		607FACCC1AFB9204008FA782 /* Sources */ = {
			isa = PBXSourcesBuildPhase;
			buildActionMask = 2147483647;
			files = (
				627E02AF1D0AC7C200B7529E /* ShakeViewModel.swift in Sources */,
				62220A841D3D140900D87438 /* BlurredTransitionViewController.swift in Sources */,
				607FACD61AFB9204008FA782 /* AppDelegate.swift in Sources */,
				6297F4131D0EA7BB00645AB9 /* CustomPinViewController.swift in Sources */,
				625D37071D3D1FE900B51EF5 /* BlurredPopupViewController.swift in Sources */,
				627E02AD1D0AC6C000B7529E /* ShakeViewController.swift in Sources */,
				62CDEC9F1D6C8A6F005A0CEF /* PieChartViewController.swift in Sources */,
				627E02D61D0AD9DF00B7529E /* AlertViewModel.swift in Sources */,
				62CE8BE51D881FAC00F7AC78 /* MultiPickerViewController.swift in Sources */,
				627E02D41D0AD9BE00B7529E /* AlertViewController.swift in Sources */,
			);
			runOnlyForDeploymentPostprocessing = 0;
		};
		607FACE11AFB9204008FA782 /* Sources */ = {
			isa = PBXSourcesBuildPhase;
			buildActionMask = 2147483647;
			files = (
				6294A9321D6EE2040088E18C /* QuickSpec+Snapshot.swift in Sources */,
				627E02B31D0AC8B700B7529E /* PieChartSpec.swift in Sources */,
			);
			runOnlyForDeploymentPostprocessing = 0;
		};
		627E02B41D0ACC0A00B7529E /* Sources */ = {
			isa = PBXSourcesBuildPhase;
			buildActionMask = 2147483647;
			files = (
				627E02BB1D0ACC0A00B7529E /* AppDelegate.swift in Sources */,
			);
			runOnlyForDeploymentPostprocessing = 0;
		};
/* End PBXSourcesBuildPhase section */

/* Begin PBXTargetDependency section */
		607FACE71AFB9204008FA782 /* PBXTargetDependency */ = {
			isa = PBXTargetDependency;
			target = 607FACCF1AFB9204008FA782 /* Delirium_Example */;
			targetProxy = 607FACE61AFB9204008FA782 /* PBXContainerItemProxy */;
		};
/* End PBXTargetDependency section */

/* Begin PBXVariantGroup section */
		607FACD91AFB9204008FA782 /* Main.storyboard */ = {
			isa = PBXVariantGroup;
			children = (
				607FACDA1AFB9204008FA782 /* Base */,
			);
			name = Main.storyboard;
			path = .;
			sourceTree = "<group>";
		};
		607FACDE1AFB9204008FA782 /* LaunchScreen.xib */ = {
			isa = PBXVariantGroup;
			children = (
				607FACDF1AFB9204008FA782 /* Base */,
			);
			name = LaunchScreen.xib;
			path = .;
			sourceTree = "<group>";
		};
		627E02BE1D0ACC0A00B7529E /* Main.storyboard */ = {
			isa = PBXVariantGroup;
			children = (
				627E02BF1D0ACC0A00B7529E /* Base */,
			);
			name = Main.storyboard;
			path = .;
			sourceTree = "<group>";
		};
/* End PBXVariantGroup section */

/* Begin XCBuildConfiguration section */
		607FACED1AFB9204008FA782 /* Debug */ = {
			isa = XCBuildConfiguration;
			buildSettings = {
				ALWAYS_SEARCH_USER_PATHS = NO;
				CLANG_CXX_LANGUAGE_STANDARD = "gnu++0x";
				CLANG_CXX_LIBRARY = "libc++";
				CLANG_ENABLE_MODULES = YES;
				CLANG_ENABLE_OBJC_ARC = YES;
				CLANG_WARN_BOOL_CONVERSION = YES;
				CLANG_WARN_CONSTANT_CONVERSION = YES;
				CLANG_WARN_DIRECT_OBJC_ISA_USAGE = YES_ERROR;
				CLANG_WARN_EMPTY_BODY = YES;
				CLANG_WARN_ENUM_CONVERSION = YES;
				CLANG_WARN_INT_CONVERSION = YES;
				CLANG_WARN_OBJC_ROOT_CLASS = YES_ERROR;
				CLANG_WARN_UNREACHABLE_CODE = YES;
				CLANG_WARN__DUPLICATE_METHOD_MATCH = YES;
				"CODE_SIGN_IDENTITY[sdk=iphoneos*]" = "iPhone Developer";
				COPY_PHASE_STRIP = NO;
				DEBUG_INFORMATION_FORMAT = "dwarf-with-dsym";
				ENABLE_STRICT_OBJC_MSGSEND = YES;
				ENABLE_TESTABILITY = YES;
				GCC_C_LANGUAGE_STANDARD = gnu99;
				GCC_DYNAMIC_NO_PIC = NO;
				GCC_NO_COMMON_BLOCKS = YES;
				GCC_OPTIMIZATION_LEVEL = 0;
				GCC_PREPROCESSOR_DEFINITIONS = (
					"DEBUG=1",
					"$(inherited)",
				);
				GCC_SYMBOLS_PRIVATE_EXTERN = NO;
				GCC_WARN_64_TO_32_BIT_CONVERSION = YES;
				GCC_WARN_ABOUT_RETURN_TYPE = YES_ERROR;
				GCC_WARN_UNDECLARED_SELECTOR = YES;
				GCC_WARN_UNINITIALIZED_AUTOS = YES_AGGRESSIVE;
				GCC_WARN_UNUSED_FUNCTION = YES;
				GCC_WARN_UNUSED_VARIABLE = YES;
				IPHONEOS_DEPLOYMENT_TARGET = 8.3;
				MTL_ENABLE_DEBUG_INFO = YES;
				ONLY_ACTIVE_ARCH = YES;
				SDKROOT = iphoneos;
				SWIFT_OPTIMIZATION_LEVEL = "-Onone";
			};
			name = Debug;
		};
		607FACEE1AFB9204008FA782 /* Release */ = {
			isa = XCBuildConfiguration;
			buildSettings = {
				ALWAYS_SEARCH_USER_PATHS = NO;
				CLANG_CXX_LANGUAGE_STANDARD = "gnu++0x";
				CLANG_CXX_LIBRARY = "libc++";
				CLANG_ENABLE_MODULES = YES;
				CLANG_ENABLE_OBJC_ARC = YES;
				CLANG_WARN_BOOL_CONVERSION = YES;
				CLANG_WARN_CONSTANT_CONVERSION = YES;
				CLANG_WARN_DIRECT_OBJC_ISA_USAGE = YES_ERROR;
				CLANG_WARN_EMPTY_BODY = YES;
				CLANG_WARN_ENUM_CONVERSION = YES;
				CLANG_WARN_INT_CONVERSION = YES;
				CLANG_WARN_OBJC_ROOT_CLASS = YES_ERROR;
				CLANG_WARN_UNREACHABLE_CODE = YES;
				CLANG_WARN__DUPLICATE_METHOD_MATCH = YES;
				"CODE_SIGN_IDENTITY[sdk=iphoneos*]" = "iPhone Developer";
				COPY_PHASE_STRIP = NO;
				DEBUG_INFORMATION_FORMAT = "dwarf-with-dsym";
				ENABLE_NS_ASSERTIONS = NO;
				ENABLE_STRICT_OBJC_MSGSEND = YES;
				GCC_C_LANGUAGE_STANDARD = gnu99;
				GCC_NO_COMMON_BLOCKS = YES;
				GCC_WARN_64_TO_32_BIT_CONVERSION = YES;
				GCC_WARN_ABOUT_RETURN_TYPE = YES_ERROR;
				GCC_WARN_UNDECLARED_SELECTOR = YES;
				GCC_WARN_UNINITIALIZED_AUTOS = YES_AGGRESSIVE;
				GCC_WARN_UNUSED_FUNCTION = YES;
				GCC_WARN_UNUSED_VARIABLE = YES;
				IPHONEOS_DEPLOYMENT_TARGET = 8.3;
				MTL_ENABLE_DEBUG_INFO = NO;
				SDKROOT = iphoneos;
				VALIDATE_PRODUCT = YES;
			};
			name = Release;
		};
		607FACF01AFB9204008FA782 /* Debug */ = {
			isa = XCBuildConfiguration;
			baseConfigurationReference = 85692D5D4B6A3CF4C61EF6FE /* Pods-Delirium-Delirium_Example.debug.xcconfig */;
			buildSettings = {
				ASSETCATALOG_COMPILER_APPICON_NAME = AppIcon;
				INFOPLIST_FILE = "Example for Delirium/Supporting Files/Info.plist";
				IPHONEOS_DEPLOYMENT_TARGET = 8.0;
				LD_RUNPATH_SEARCH_PATHS = "$(inherited) @executable_path/Frameworks";
				MODULE_NAME = ExampleApp;
				PRODUCT_BUNDLE_IDENTIFIER = com.icapps.delirium.example.ios;
				PRODUCT_NAME = "$(TARGET_NAME)";
			};
			name = Debug;
		};
		607FACF11AFB9204008FA782 /* Release */ = {
			isa = XCBuildConfiguration;
			baseConfigurationReference = 361576391C1E1EDDF2805EC3 /* Pods-Delirium-Delirium_Example.release.xcconfig */;
			buildSettings = {
				ASSETCATALOG_COMPILER_APPICON_NAME = AppIcon;
				INFOPLIST_FILE = "Example for Delirium/Supporting Files/Info.plist";
				IPHONEOS_DEPLOYMENT_TARGET = 8.0;
				LD_RUNPATH_SEARCH_PATHS = "$(inherited) @executable_path/Frameworks";
				MODULE_NAME = ExampleApp;
				PRODUCT_BUNDLE_IDENTIFIER = com.icapps.delirium.example.ios;
				PRODUCT_NAME = "$(TARGET_NAME)";
			};
			name = Release;
		};
		607FACF31AFB9204008FA782 /* Debug */ = {
			isa = XCBuildConfiguration;
			baseConfigurationReference = E05AFDD5EC1C0DAE2F95E78B /* Pods-Delirium_Tests.debug.xcconfig */;
			buildSettings = {
				FRAMEWORK_SEARCH_PATHS = "$(inherited)";
				GCC_PREPROCESSOR_DEFINITIONS = (
					"DEBUG=1",
					"$(inherited)",
				);
				INFOPLIST_FILE = "Tests/Supporting Files/Info.plist";
				LD_RUNPATH_SEARCH_PATHS = "$(inherited) @executable_path/Frameworks @loader_path/Frameworks";
				PRODUCT_BUNDLE_IDENTIFIER = "org.cocoapods.$(PRODUCT_NAME:rfc1034identifier)";
				PRODUCT_NAME = "$(TARGET_NAME)";
			};
			name = Debug;
		};
		607FACF41AFB9204008FA782 /* Release */ = {
			isa = XCBuildConfiguration;
			baseConfigurationReference = 394FFD2BAE8BFA333FA55B1B /* Pods-Delirium_Tests.release.xcconfig */;
			buildSettings = {
				FRAMEWORK_SEARCH_PATHS = "$(inherited)";
				INFOPLIST_FILE = "Tests/Supporting Files/Info.plist";
				LD_RUNPATH_SEARCH_PATHS = "$(inherited) @executable_path/Frameworks @loader_path/Frameworks";
				PRODUCT_BUNDLE_IDENTIFIER = "org.cocoapods.$(PRODUCT_NAME:rfc1034identifier)";
				PRODUCT_NAME = "$(TARGET_NAME)";
			};
			name = Release;
		};
		627E02C41D0ACC0A00B7529E /* Debug */ = {
			isa = XCBuildConfiguration;
			baseConfigurationReference = 06D20A32F4CAE8FA227C3ED6 /* Pods-Delirium-Delirium_tvExample.debug.xcconfig */;
			buildSettings = {
				ASSETCATALOG_COMPILER_APPICON_NAME = "App Icon & Top Shelf Image";
				ASSETCATALOG_COMPILER_LAUNCHIMAGE_NAME = LaunchImage;
				CLANG_ANALYZER_NONNULL = YES;
				DEBUG_INFORMATION_FORMAT = dwarf;
				INFOPLIST_FILE = "Example for tvOS Delirium/Supporting Files/Info.plist";
				IPHONEOS_DEPLOYMENT_TARGET = 8.0;
				LD_RUNPATH_SEARCH_PATHS = "$(inherited) @executable_path/Frameworks";
				PRODUCT_BUNDLE_IDENTIFIER = com.icapps.delirium.example.tvos;
				PRODUCT_NAME = "$(TARGET_NAME)";
				SDKROOT = appletvos;
				TARGETED_DEVICE_FAMILY = 3;
				TVOS_DEPLOYMENT_TARGET = 9.0;
			};
			name = Debug;
		};
		627E02C51D0ACC0A00B7529E /* Release */ = {
			isa = XCBuildConfiguration;
			baseConfigurationReference = 176023E3211AD11FEC628AB5 /* Pods-Delirium-Delirium_tvExample.release.xcconfig */;
			buildSettings = {
				ASSETCATALOG_COMPILER_APPICON_NAME = "App Icon & Top Shelf Image";
				ASSETCATALOG_COMPILER_LAUNCHIMAGE_NAME = LaunchImage;
				CLANG_ANALYZER_NONNULL = YES;
				INFOPLIST_FILE = "Example for tvOS Delirium/Supporting Files/Info.plist";
				IPHONEOS_DEPLOYMENT_TARGET = 8.0;
				LD_RUNPATH_SEARCH_PATHS = "$(inherited) @executable_path/Frameworks";
				PRODUCT_BUNDLE_IDENTIFIER = com.icapps.delirium.example.tvos;
				PRODUCT_NAME = "$(TARGET_NAME)";
				SDKROOT = appletvos;
				TARGETED_DEVICE_FAMILY = 3;
				TVOS_DEPLOYMENT_TARGET = 9.0;
			};
			name = Release;
		};
/* End XCBuildConfiguration section */

/* Begin XCConfigurationList section */
		607FACCB1AFB9204008FA782 /* Build configuration list for PBXProject "Delirium" */ = {
			isa = XCConfigurationList;
			buildConfigurations = (
				607FACED1AFB9204008FA782 /* Debug */,
				607FACEE1AFB9204008FA782 /* Release */,
			);
			defaultConfigurationIsVisible = 0;
			defaultConfigurationName = Release;
		};
		607FACEF1AFB9204008FA782 /* Build configuration list for PBXNativeTarget "Delirium_Example" */ = {
			isa = XCConfigurationList;
			buildConfigurations = (
				607FACF01AFB9204008FA782 /* Debug */,
				607FACF11AFB9204008FA782 /* Release */,
			);
			defaultConfigurationIsVisible = 0;
			defaultConfigurationName = Release;
		};
		607FACF21AFB9204008FA782 /* Build configuration list for PBXNativeTarget "Delirium_Tests" */ = {
			isa = XCConfigurationList;
			buildConfigurations = (
				607FACF31AFB9204008FA782 /* Debug */,
				607FACF41AFB9204008FA782 /* Release */,
			);
			defaultConfigurationIsVisible = 0;
			defaultConfigurationName = Release;
		};
		627E02C61D0ACC0A00B7529E /* Build configuration list for PBXNativeTarget "Delirium_tvExample" */ = {
			isa = XCConfigurationList;
			buildConfigurations = (
				627E02C41D0ACC0A00B7529E /* Debug */,
				627E02C51D0ACC0A00B7529E /* Release */,
			);
			defaultConfigurationIsVisible = 0;
			defaultConfigurationName = Release;
		};
/* End XCConfigurationList section */
	};
	rootObject = 607FACC81AFB9204008FA782 /* Project object */;
}
